annotated-doc==0.0.4
annotated-types==0.7.0
anyio==4.12.0
beautifulsoup4==4.14.3
cachetools==6.2.4
certifi==2025.11.12
charset-normalizer==3.4.4
click==8.3.1
duckdb==1.4.3
fastapi==0.127.0
google-api-core==2.28.1
google-api-python-client==2.187.0
google-auth==2.45.0
google-auth-httplib2==0.3.0
google-auth-oauthlib==1.2.2
googleapis-common-protos==1.72.0
h11==0.16.0
httpcore==1.0.9
httplib2==0.31.0
httptools==0.7.1
httpx==0.28.1
idna==3.11
jsonpatch==1.33
jsonpointer==3.0.0
langchain==1.2.0
langchain-core==1.2.5
langchain-text-splitters==1.1.0
langgraph==1.0.5
langgraph-checkpoint==3.0.1
langgraph-prebuilt==1.0.5
langgraph-sdk==0.3.1
langsmith==0.5.0
linkpreview==0.12.1
neonize==0.3.14.post0
numpy==2.4.0
oauthlib==3.3.1
orjson==3.11.5
ormsgpack==1.12.1
packaging==25.0
pandas==2.3.3
phonenumbers==9.0.24
pillow==12.1.1
proto-plus==1.27.0
protobuf==6.33.2
pyasn1==0.6.1
pyasn1-modules==0.4.2
pydantic==2.12.5
pydantic-core==2.41.5
pyparsing==3.3.1
python-dateutil==2.9.0.post0
python-dotenv==1.2.1
python-magic==0.4.27
python-multipart==0.0.21
pytz==2025.2
pyyaml==6.0.3
qrcode==8.2
regex==2025.11.3
requests==2.32.5
requests-oauthlib==2.0.0
requests-toolbelt==1.0.0
rsa==4.9.1
segno==1.6.6
six==1.17.0
soupsieve==2.8.3
starlette==0.50.0
tenacity==9.1.2
tiktoken==0.12.0
tqdm==4.67.3
typing-extensions==4.15.0
typing-inspection==0.4.2
tzdata==2025.3
uritemplate==4.2.0
urllib3==2.6.2
uuid-utils==0.12.0
uvicorn==0.40.0
uvloop==0.22.1
watchfiles==1.1.1
websockets==15.0.1
xxhash==3.6.0
zstandard==0.25.0
